// !$*UTF8*$!
{
	archiveVersion = 1;
	classes = {
	};
	objectVersion = 46;
	objects = {

/* Begin PBXBuildFile section */
		26A7FB22C61E2F5505DFB5B4 /* Pods_CCIP_iOS_Swift.framework in Frameworks */ = {isa = PBXBuildFile; fileRef = 0F04D0631A96D48FDAEDF1A9 /* Pods_CCIP_iOS_Swift.framework */; };
		2C2F60C61F0E8F1E004F8C06 /* Extensions.swift in Sources */ = {isa = PBXBuildFile; fileRef = 2C2F60C51F0E8F1E004F8C06 /* Extensions.swift */; };
		2C37ABEE1F0E242100A61437 /* Attendee.swift in Sources */ = {isa = PBXBuildFile; fileRef = 2C37ABED1F0E242100A61437 /* Attendee.swift */; };
		2C37ABF01F0E244300A61437 /* Submission.swift in Sources */ = {isa = PBXBuildFile; fileRef = 2C37ABEF1F0E244300A61437 /* Submission.swift */; };
		2C37ABF21F0E245700A61437 /* Announcement.swift in Sources */ = {isa = PBXBuildFile; fileRef = 2C37ABF11F0E245700A61437 /* Announcement.swift */; };
		2CBCA24D1F0E00B300603CC2 /* AppDelegate.swift in Sources */ = {isa = PBXBuildFile; fileRef = 2CBCA24C1F0E00B300603CC2 /* AppDelegate.swift */; };
		2CBCA2521F0E00B300603CC2 /* Main.storyboard in Resources */ = {isa = PBXBuildFile; fileRef = 2CBCA2501F0E00B300603CC2 /* Main.storyboard */; };
		2CBCA2571F0E00B300603CC2 /* Assets.xcassets in Resources */ = {isa = PBXBuildFile; fileRef = 2CBCA2561F0E00B300603CC2 /* Assets.xcassets */; };
		2CBCA25A1F0E00B300603CC2 /* LaunchScreen.storyboard in Resources */ = {isa = PBXBuildFile; fileRef = 2CBCA2581F0E00B300603CC2 /* LaunchScreen.storyboard */; };
		2CE360221F0E484000315812 /* APIGateway.swift in Sources */ = {isa = PBXBuildFile; fileRef = 2CE360211F0E484000315812 /* APIGateway.swift */; };
/* End PBXBuildFile section */

/* Begin PBXFileReference section */
		0F04D0631A96D48FDAEDF1A9 /* Pods_CCIP_iOS_Swift.framework */ = {isa = PBXFileReference; explicitFileType = wrapper.framework; includeInIndex = 0; path = Pods_CCIP_iOS_Swift.framework; sourceTree = BUILT_PRODUCTS_DIR; };
		2C2F60C51F0E8F1E004F8C06 /* Extensions.swift */ = {isa = PBXFileReference; fileEncoding = 4; lastKnownFileType = sourcecode.swift; path = Extensions.swift; sourceTree = "<group>"; };
		2C37ABED1F0E242100A61437 /* Attendee.swift */ = {isa = PBXFileReference; fileEncoding = 4; lastKnownFileType = sourcecode.swift; name = Attendee.swift; path = Models/Attendee.swift; sourceTree = "<group>"; };
		2C37ABEF1F0E244300A61437 /* Submission.swift */ = {isa = PBXFileReference; fileEncoding = 4; lastKnownFileType = sourcecode.swift; name = Submission.swift; path = Models/Submission.swift; sourceTree = "<group>"; };
		2C37ABF11F0E245700A61437 /* Announcement.swift */ = {isa = PBXFileReference; fileEncoding = 4; lastKnownFileType = sourcecode.swift; name = Announcement.swift; path = Models/Announcement.swift; sourceTree = "<group>"; };
		2CBCA2491F0E00B300603CC2 /* CCIP-iOS-Swift.app */ = {isa = PBXFileReference; explicitFileType = wrapper.application; includeInIndex = 0; path = "CCIP-iOS-Swift.app"; sourceTree = BUILT_PRODUCTS_DIR; };
		2CBCA24C1F0E00B300603CC2 /* AppDelegate.swift */ = {isa = PBXFileReference; lastKnownFileType = sourcecode.swift; path = AppDelegate.swift; sourceTree = "<group>"; };
		2CBCA2511F0E00B300603CC2 /* Base */ = {isa = PBXFileReference; lastKnownFileType = file.storyboard; name = Base; path = Base.lproj/Main.storyboard; sourceTree = "<group>"; };
		2CBCA2561F0E00B300603CC2 /* Assets.xcassets */ = {isa = PBXFileReference; lastKnownFileType = folder.assetcatalog; path = Assets.xcassets; sourceTree = "<group>"; };
		2CBCA2591F0E00B300603CC2 /* Base */ = {isa = PBXFileReference; lastKnownFileType = file.storyboard; name = Base; path = Base.lproj/LaunchScreen.storyboard; sourceTree = "<group>"; };
		2CBCA25B1F0E00B300603CC2 /* Info.plist */ = {isa = PBXFileReference; lastKnownFileType = text.plist.xml; path = Info.plist; sourceTree = "<group>"; };
		2CE360211F0E484000315812 /* APIGateway.swift */ = {isa = PBXFileReference; fileEncoding = 4; lastKnownFileType = sourcecode.swift; path = APIGateway.swift; sourceTree = "<group>"; };
		5B35D876FAE5A7FB324A0DAF /* Pods-CCIP-iOS-Swift.release.xcconfig */ = {isa = PBXFileReference; includeInIndex = 1; lastKnownFileType = text.xcconfig; name = "Pods-CCIP-iOS-Swift.release.xcconfig"; path = "Pods/Target Support Files/Pods-CCIP-iOS-Swift/Pods-CCIP-iOS-Swift.release.xcconfig"; sourceTree = "<group>"; };
		71D3DF9C5D972A81436473E4 /* Pods-CCIP-iOS-Swift.debug.xcconfig */ = {isa = PBXFileReference; includeInIndex = 1; lastKnownFileType = text.xcconfig; name = "Pods-CCIP-iOS-Swift.debug.xcconfig"; path = "Pods/Target Support Files/Pods-CCIP-iOS-Swift/Pods-CCIP-iOS-Swift.debug.xcconfig"; sourceTree = "<group>"; };
/* End PBXFileReference section */

/* Begin PBXFrameworksBuildPhase section */
		2CBCA2461F0E00B300603CC2 /* Frameworks */ = {
			isa = PBXFrameworksBuildPhase;
			buildActionMask = 2147483647;
			files = (
				26A7FB22C61E2F5505DFB5B4 /* Pods_CCIP_iOS_Swift.framework in Frameworks */,
			);
			runOnlyForDeploymentPostprocessing = 0;
		};
/* End PBXFrameworksBuildPhase section */

/* Begin PBXGroup section */
		2C37ABEC1F0E23F900A61437 /* Models */ = {
			isa = PBXGroup;
			children = (
				2C37ABED1F0E242100A61437 /* Attendee.swift */,
				2C37ABEF1F0E244300A61437 /* Submission.swift */,
				2C37ABF11F0E245700A61437 /* Announcement.swift */,
			);
			name = Models;
			sourceTree = "<group>";
		};
		2CBCA2401F0E00B300603CC2 = {
			isa = PBXGroup;
			children = (
				2CBCA24B1F0E00B300603CC2 /* CCIP-iOS-Swift */,
				2CBCA24A1F0E00B300603CC2 /* Products */,
				A76B9EB86D58D5D88B79295A /* Pods */,
				F2E72BEF05FFA5377AAEB447 /* Frameworks */,
			);
			sourceTree = "<group>";
		};
		2CBCA24A1F0E00B300603CC2 /* Products */ = {
			isa = PBXGroup;
			children = (
				2CBCA2491F0E00B300603CC2 /* CCIP-iOS-Swift.app */,
			);
			name = Products;
			sourceTree = "<group>";
		};
		2CBCA24B1F0E00B300603CC2 /* CCIP-iOS-Swift */ = {
			isa = PBXGroup;
			children = (
				2C37ABEC1F0E23F900A61437 /* Models */,
				2CBCA24C1F0E00B300603CC2 /* AppDelegate.swift */,
				2CBCA2501F0E00B300603CC2 /* Main.storyboard */,
				2CBCA2561F0E00B300603CC2 /* Assets.xcassets */,
				2CBCA2581F0E00B300603CC2 /* LaunchScreen.storyboard */,
				2CBCA25B1F0E00B300603CC2 /* Info.plist */,
				2CE360211F0E484000315812 /* APIGateway.swift */,
				2C2F60C51F0E8F1E004F8C06 /* Extensions.swift */,
			);
			path = "CCIP-iOS-Swift";
			sourceTree = "<group>";
		};
		A76B9EB86D58D5D88B79295A /* Pods */ = {
			isa = PBXGroup;
			children = (
				71D3DF9C5D972A81436473E4 /* Pods-CCIP-iOS-Swift.debug.xcconfig */,
				5B35D876FAE5A7FB324A0DAF /* Pods-CCIP-iOS-Swift.release.xcconfig */,
			);
			name = Pods;
			sourceTree = "<group>";
		};
		F2E72BEF05FFA5377AAEB447 /* Frameworks */ = {
			isa = PBXGroup;
			children = (
				0F04D0631A96D48FDAEDF1A9 /* Pods_CCIP_iOS_Swift.framework */,
			);
			name = Frameworks;
			sourceTree = "<group>";
		};
/* End PBXGroup section */

/* Begin PBXNativeTarget section */
		2CBCA2481F0E00B300603CC2 /* CCIP-iOS-Swift */ = {
			isa = PBXNativeTarget;
			buildConfigurationList = 2CBCA25E1F0E00B300603CC2 /* Build configuration list for PBXNativeTarget "CCIP-iOS-Swift" */;
			buildPhases = (
				C857DAE3015C02B1582FEFE0 /* [CP] Check Pods Manifest.lock */,
				2CBCA2451F0E00B300603CC2 /* Sources */,
				2CBCA2461F0E00B300603CC2 /* Frameworks */,
				2CBCA2471F0E00B300603CC2 /* Resources */,
				707FDA581BC9FAB3A2C76FA7 /* [CP] Embed Pods Frameworks */,
				76B1F3568DFB2E398BB38FDC /* [CP] Copy Pods Resources */,
			);
			buildRules = (
			);
			dependencies = (
			);
			name = "CCIP-iOS-Swift";
			productName = "CCIP-iOS-Swift";
			productReference = 2CBCA2491F0E00B300603CC2 /* CCIP-iOS-Swift.app */;
			productType = "com.apple.product-type.application";
		};
/* End PBXNativeTarget section */

/* Begin PBXProject section */
		2CBCA2411F0E00B300603CC2 /* Project object */ = {
			isa = PBXProject;
			attributes = {
				LastSwiftUpdateCheck = 0830;
				LastUpgradeCheck = 0900;
				ORGANIZATIONNAME = "高宜誠";
				TargetAttributes = {
					2CBCA2481F0E00B300603CC2 = {
						CreatedOnToolsVersion = 8.3.3;
						DevelopmentTeam = P6MT39G78P;
						LastSwiftMigration = 0830;
						ProvisioningStyle = Automatic;
					};
				};
			};
			buildConfigurationList = 2CBCA2441F0E00B300603CC2 /* Build configuration list for PBXProject "CCIP-iOS-Swift" */;
			compatibilityVersion = "Xcode 3.2";
			developmentRegion = English;
			hasScannedForEncodings = 0;
			knownRegions = (
				en,
				Base,
			);
			mainGroup = 2CBCA2401F0E00B300603CC2;
			productRefGroup = 2CBCA24A1F0E00B300603CC2 /* Products */;
			projectDirPath = "";
			projectRoot = "";
			targets = (
				2CBCA2481F0E00B300603CC2 /* CCIP-iOS-Swift */,
			);
		};
/* End PBXProject section */

/* Begin PBXResourcesBuildPhase section */
		2CBCA2471F0E00B300603CC2 /* Resources */ = {
			isa = PBXResourcesBuildPhase;
			buildActionMask = 2147483647;
			files = (
				2CBCA25A1F0E00B300603CC2 /* LaunchScreen.storyboard in Resources */,
				2CBCA2571F0E00B300603CC2 /* Assets.xcassets in Resources */,
				2CBCA2521F0E00B300603CC2 /* Main.storyboard in Resources */,
			);
			runOnlyForDeploymentPostprocessing = 0;
		};
/* End PBXResourcesBuildPhase section */

/* Begin PBXShellScriptBuildPhase section */
		707FDA581BC9FAB3A2C76FA7 /* [CP] Embed Pods Frameworks */ = {
			isa = PBXShellScriptBuildPhase;
			buildActionMask = 2147483647;
			files = (
			);
			inputPaths = (
			);
			name = "[CP] Embed Pods Frameworks";
			outputPaths = (
			);
			runOnlyForDeploymentPostprocessing = 0;
			shellPath = /bin/sh;
			shellScript = "\"${SRCROOT}/Pods/Target Support Files/Pods-CCIP-iOS-Swift/Pods-CCIP-iOS-Swift-frameworks.sh\"\n";
			showEnvVarsInLog = 0;
		};
		76B1F3568DFB2E398BB38FDC /* [CP] Copy Pods Resources */ = {
			isa = PBXShellScriptBuildPhase;
			buildActionMask = 2147483647;
			files = (
			);
			inputPaths = (
			);
			name = "[CP] Copy Pods Resources";
			outputPaths = (
			);
			runOnlyForDeploymentPostprocessing = 0;
			shellPath = /bin/sh;
			shellScript = "\"${SRCROOT}/Pods/Target Support Files/Pods-CCIP-iOS-Swift/Pods-CCIP-iOS-Swift-resources.sh\"\n";
			showEnvVarsInLog = 0;
		};
		C857DAE3015C02B1582FEFE0 /* [CP] Check Pods Manifest.lock */ = {
			isa = PBXShellScriptBuildPhase;
			buildActionMask = 2147483647;
			files = (
			);
			inputPaths = (
			);
			name = "[CP] Check Pods Manifest.lock";
			outputPaths = (
			);
			runOnlyForDeploymentPostprocessing = 0;
			shellPath = /bin/sh;
			shellScript = "diff \"${PODS_PODFILE_DIR_PATH}/Podfile.lock\" \"${PODS_ROOT}/Manifest.lock\" > /dev/null\nif [ $? != 0 ] ; then\n    # print error to STDERR\n    echo \"error: The sandbox is not in sync with the Podfile.lock. Run 'pod install' or update your CocoaPods installation.\" >&2\n    exit 1\nfi\n";
			showEnvVarsInLog = 0;
		};
/* End PBXShellScriptBuildPhase section */

/* Begin PBXSourcesBuildPhase section */
		2CBCA2451F0E00B300603CC2 /* Sources */ = {
			isa = PBXSourcesBuildPhase;
			buildActionMask = 2147483647;
			files = (
				2C37ABF21F0E245700A61437 /* Announcement.swift in Sources */,
				2C2F60C61F0E8F1E004F8C06 /* Extensions.swift in Sources */,
				2C37ABF01F0E244300A61437 /* Submission.swift in Sources */,
				2CBCA24D1F0E00B300603CC2 /* AppDelegate.swift in Sources */,
				2CE360221F0E484000315812 /* APIGateway.swift in Sources */,
				2C37ABEE1F0E242100A61437 /* Attendee.swift in Sources */,
			);
			runOnlyForDeploymentPostprocessing = 0;
		};
/* End PBXSourcesBuildPhase section */

/* Begin PBXVariantGroup section */
		2CBCA2501F0E00B300603CC2 /* Main.storyboard */ = {
			isa = PBXVariantGroup;
			children = (
				2CBCA2511F0E00B300603CC2 /* Base */,
			);
			name = Main.storyboard;
			sourceTree = "<group>";
		};
		2CBCA2581F0E00B300603CC2 /* LaunchScreen.storyboard */ = {
			isa = PBXVariantGroup;
			children = (
				2CBCA2591F0E00B300603CC2 /* Base */,
			);
			name = LaunchScreen.storyboard;
			sourceTree = "<group>";
		};
/* End PBXVariantGroup section */

/* Begin XCBuildConfiguration section */
		2CBCA25C1F0E00B300603CC2 /* Debug */ = {
			isa = XCBuildConfiguration;
			buildSettings = {
				ALWAYS_SEARCH_USER_PATHS = NO;
				CLANG_ANALYZER_NONNULL = YES;
				CLANG_ANALYZER_NUMBER_OBJECT_CONVERSION = YES_AGGRESSIVE;
				CLANG_CXX_LANGUAGE_STANDARD = "gnu++0x";
				CLANG_CXX_LIBRARY = "libc++";
				CLANG_ENABLE_MODULES = YES;
				CLANG_ENABLE_OBJC_ARC = YES;
				CLANG_WARN_BLOCK_CAPTURE_AUTORELEASING = YES;
				CLANG_WARN_BOOL_CONVERSION = YES;
				CLANG_WARN_COMMA = YES;
				CLANG_WARN_CONSTANT_CONVERSION = YES;
				CLANG_WARN_DIRECT_OBJC_ISA_USAGE = YES_ERROR;
				CLANG_WARN_DOCUMENTATION_COMMENTS = YES;
				CLANG_WARN_EMPTY_BODY = YES;
				CLANG_WARN_ENUM_CONVERSION = YES;
				CLANG_WARN_INFINITE_RECURSION = YES;
				CLANG_WARN_INT_CONVERSION = YES;
				CLANG_WARN_NON_LITERAL_NULL_CONVERSION = YES;
				CLANG_WARN_OBJC_LITERAL_CONVERSION = YES;
				CLANG_WARN_OBJC_ROOT_CLASS = YES_ERROR;
				CLANG_WARN_RANGE_LOOP_ANALYSIS = YES;
				CLANG_WARN_STRICT_PROTOTYPES = YES;
				CLANG_WARN_SUSPICIOUS_MOVE = YES;
				CLANG_WARN_UNREACHABLE_CODE = YES;
				CLANG_WARN__DUPLICATE_METHOD_MATCH = YES;
				"CODE_SIGN_IDENTITY[sdk=iphoneos*]" = "iPhone Developer";
				COPY_PHASE_STRIP = NO;
				DEBUG_INFORMATION_FORMAT = dwarf;
				ENABLE_STRICT_OBJC_MSGSEND = YES;
				ENABLE_TESTABILITY = YES;
				GCC_C_LANGUAGE_STANDARD = gnu99;
				GCC_DYNAMIC_NO_PIC = NO;
				GCC_NO_COMMON_BLOCKS = YES;
				GCC_OPTIMIZATION_LEVEL = 0;
				GCC_PREPROCESSOR_DEFINITIONS = (
					"DEBUG=1",
					"$(inherited)",
				);
				GCC_WARN_64_TO_32_BIT_CONVERSION = YES;
				GCC_WARN_ABOUT_RETURN_TYPE = YES_ERROR;
				GCC_WARN_UNDECLARED_SELECTOR = YES;
				GCC_WARN_UNINITIALIZED_AUTOS = YES_AGGRESSIVE;
				GCC_WARN_UNUSED_FUNCTION = YES;
				GCC_WARN_UNUSED_VARIABLE = YES;
				IPHONEOS_DEPLOYMENT_TARGET = 9.0;
				MTL_ENABLE_DEBUG_INFO = YES;
				ONLY_ACTIVE_ARCH = YES;
				SDKROOT = iphoneos;
				SWIFT_ACTIVE_COMPILATION_CONDITIONS = DEBUG;
				SWIFT_OPTIMIZATION_LEVEL = "-Onone";
				SWIFT_VERSION = 3.0;
			};
			name = Debug;
		};
		2CBCA25D1F0E00B300603CC2 /* Release */ = {
			isa = XCBuildConfiguration;
			buildSettings = {
				ALWAYS_SEARCH_USER_PATHS = NO;
				CLANG_ANALYZER_NONNULL = YES;
				CLANG_ANALYZER_NUMBER_OBJECT_CONVERSION = YES_AGGRESSIVE;
				CLANG_CXX_LANGUAGE_STANDARD = "gnu++0x";
				CLANG_CXX_LIBRARY = "libc++";
				CLANG_ENABLE_MODULES = YES;
				CLANG_ENABLE_OBJC_ARC = YES;
				CLANG_WARN_BLOCK_CAPTURE_AUTORELEASING = YES;
				CLANG_WARN_BOOL_CONVERSION = YES;
				CLANG_WARN_COMMA = YES;
				CLANG_WARN_CONSTANT_CONVERSION = YES;
				CLANG_WARN_DIRECT_OBJC_ISA_USAGE = YES_ERROR;
				CLANG_WARN_DOCUMENTATION_COMMENTS = YES;
				CLANG_WARN_EMPTY_BODY = YES;
				CLANG_WARN_ENUM_CONVERSION = YES;
				CLANG_WARN_INFINITE_RECURSION = YES;
				CLANG_WARN_INT_CONVERSION = YES;
				CLANG_WARN_NON_LITERAL_NULL_CONVERSION = YES;
				CLANG_WARN_OBJC_LITERAL_CONVERSION = YES;
				CLANG_WARN_OBJC_ROOT_CLASS = YES_ERROR;
				CLANG_WARN_RANGE_LOOP_ANALYSIS = YES;
				CLANG_WARN_STRICT_PROTOTYPES = YES;
				CLANG_WARN_SUSPICIOUS_MOVE = YES;
				CLANG_WARN_UNREACHABLE_CODE = YES;
				CLANG_WARN__DUPLICATE_METHOD_MATCH = YES;
				"CODE_SIGN_IDENTITY[sdk=iphoneos*]" = "iPhone Developer";
				COPY_PHASE_STRIP = NO;
				DEBUG_INFORMATION_FORMAT = "dwarf-with-dsym";
				ENABLE_NS_ASSERTIONS = NO;
				ENABLE_STRICT_OBJC_MSGSEND = YES;
				GCC_C_LANGUAGE_STANDARD = gnu99;
				GCC_NO_COMMON_BLOCKS = YES;
				GCC_WARN_64_TO_32_BIT_CONVERSION = YES;
				GCC_WARN_ABOUT_RETURN_TYPE = YES_ERROR;
				GCC_WARN_UNDECLARED_SELECTOR = YES;
				GCC_WARN_UNINITIALIZED_AUTOS = YES_AGGRESSIVE;
				GCC_WARN_UNUSED_FUNCTION = YES;
				GCC_WARN_UNUSED_VARIABLE = YES;
				IPHONEOS_DEPLOYMENT_TARGET = 9.0;
				MTL_ENABLE_DEBUG_INFO = NO;
				SDKROOT = iphoneos;
				SWIFT_OPTIMIZATION_LEVEL = "-Owholemodule";
				SWIFT_VERSION = 3.0;
				VALIDATE_PRODUCT = YES;
			};
			name = Release;
		};
		2CBCA25F1F0E00B300603CC2 /* Debug */ = {
			isa = XCBuildConfiguration;
			baseConfigurationReference = 71D3DF9C5D972A81436473E4 /* Pods-CCIP-iOS-Swift.debug.xcconfig */;
			buildSettings = {
				ASSETCATALOG_COMPILER_APPICON_NAME = AppIcon;
				DEVELOPMENT_TEAM = P6MT39G78P;
				INFOPLIST_FILE = "CCIP-iOS-Swift/Info.plist";
				IPHONEOS_DEPLOYMENT_TARGET = 9.0;
				LD_RUNPATH_SEARCH_PATHS = "$(inherited) @executable_path/Frameworks";
				PRODUCT_BUNDLE_IDENTIFIER = "net.yckao.CCIP-iOS-Swift";
				PRODUCT_NAME = "$(TARGET_NAME)";
				SWIFT_VERSION = 3.0;
			};
			name = Debug;
		};
		2CBCA2601F0E00B300603CC2 /* Release */ = {
			isa = XCBuildConfiguration;
			baseConfigurationReference = 5B35D876FAE5A7FB324A0DAF /* Pods-CCIP-iOS-Swift.release.xcconfig */;
			buildSettings = {
				ASSETCATALOG_COMPILER_APPICON_NAME = AppIcon;
				DEVELOPMENT_TEAM = P6MT39G78P;
				INFOPLIST_FILE = "CCIP-iOS-Swift/Info.plist";
				IPHONEOS_DEPLOYMENT_TARGET = 9.0;
				LD_RUNPATH_SEARCH_PATHS = "$(inherited) @executable_path/Frameworks";
				PRODUCT_BUNDLE_IDENTIFIER = "net.yckao.CCIP-iOS-Swift";
				PRODUCT_NAME = "$(TARGET_NAME)";
				SWIFT_VERSION = 3.0;
			};
			name = Release;
		};
/* End XCBuildConfiguration section */

/* Begin XCConfigurationList section */
		2CBCA2441F0E00B300603CC2 /* Build configuration list for PBXProject "CCIP-iOS-Swift" */ = {
			isa = XCConfigurationList;
			buildConfigurations = (
				2CBCA25C1F0E00B300603CC2 /* Debug */,
				2CBCA25D1F0E00B300603CC2 /* Release */,
			);
			defaultConfigurationIsVisible = 0;
			defaultConfigurationName = Release;
		};
		2CBCA25E1F0E00B300603CC2 /* Build configuration list for PBXNativeTarget "CCIP-iOS-Swift" */ = {
			isa = XCConfigurationList;
			buildConfigurations = (
				2CBCA25F1F0E00B300603CC2 /* Debug */,
				2CBCA2601F0E00B300603CC2 /* Release */,
			);
			defaultConfigurationIsVisible = 0;
			defaultConfigurationName = Release;
		};
/* End XCConfigurationList section */
	};
	rootObject = 2CBCA2411F0E00B300603CC2 /* Project object */;
}
